{
  "version": 4,
  "terraform_version": "1.2.3",
  "serial": 13,
  "lineage": "f61d1531-4336-8cf5-efe8-d1f3c2ae8905",
  "outputs": {
    "public_ip_address": {
      "value": "74.235.9.60",
      "type": "string"
    },
    "resource_group_name": {
      "value": "rg-quick-possum",
      "type": "string"
    },
    "tls_private_key": {
      "value": "-----BEGIN RSA PRIVATE KEY-----\nMIIJKAIBAAKCAgEAn3u3JNaOOLYzJ6vf6ZhoJFU+3x9PaDykfgA28kub1eeuOIOe\nbF0FwS6OpX6LcE9coE/FbVOp6ObTdBpDpj7FLBb+g6p43R/rwz8KjRiswqrxXaA+\n3JVWLVXYskLkAH5hUyG8fZxM6+9N5aaJMi3p4xJekt2IgzdOtKeZe8Y0SJ44YyOg\nZum2cj53c/6BGGZgKT3LiXzUsNIEw8cX+GtPe6DikvDZU9klGLjmyUhxY9rkqDGI\nnvl7oXT0xoHJQi79AJgRqPxEbFO/CmTZdNKs8InHimzLlpRNtJiZK4mp3uo9CxXb\nq4UUw0qdpIxgpvnUhfeU/rLdfjJ/IrH+MWtw0T7lVPNM9inBZFrMJwbMkTpoFlsF\nw2nr4DCg3mY9AWGSg8UEpsLXqtMvBuaGbqxaEeTo/0+cBKraeeKjFqtDWZCznDBx\nszAiKhOAYBKgp/I6AEOWB6DbJmFdhFO36cGNCa2xzd9RkMOHYJxs03FZDdx2LfI6\nrTz4UjmQdTsW6hTAjgGENaPUNKz9mzIGqFze3/sj5RrOq1xgeOHVQRX8MPJVe3bv\nVPYJUmujqanld3fFJ4hSQ9W8rSI2F8Zo+dQl7VpGm2d5owbH+xafUjbmqxPnpzB+\nLNRw91rUTlzpK9hRmqVEVNBw78GVjjdyH+FE9soQA1/8zPHi2/F1dipSkOkCAwEA\nAQKCAgBcFeIUyjIKeuGkqXA7f/255OLNkFWYWVOdUWBonNGZPBHzncPOzBNzjP9e\nfWfj7F8OTaEwVBuKWCWGJ1giWKIeqBRDUB5Dh5fo/7CG8dVm/a8qIUnKsgu1V5ks\nrMTbqB1oE9WzLZmYrW9sB7G2IJ6ot0WWRYX6RegTFabgufwcZgcm7z5BzfbDlmAA\nwNYnkY06ouywMTzZ8BpCNOYZUVTujGHm+Fx0NrBdyv2vAT4/qvdWSmuZZ3JEMrTX\nHb9okJsTSbsAuNCFQAHR7ZNGChNDPDrUKaeQBYesnGPsqKtGBDhE+1UAf3ISpTXK\n+icgoqZcyCzmt75+jIeuL9oXDPNxZQTzM54DR8l57UtGTGeHF1JDT/wqVMJ752LR\ncgAiPL9NnBeVzP+mgul9lM5zWHecaoeWfdzedwJUc3w3a/LNFJJInOEZ1jG4Xryv\ncLv8Woplyjd2FAEeSPmWRDqQhbfD7O+IxkWUFfDiOlc19jpJFjFOsJV4lUjTyhcv\nyAlP153BhlRKiI3vhfiEd8Yl1jmOrJZi9yft2f9uTtNp0KKTi35R9OXTTkNa1UxK\n9jNlrrMIu/0cj4TJ4JK+bxN1x0vpE/poWFyZHanOf2hdCBElDGiqwO+5Zy1d9bds\n3+t1YYrPy5idLHy/rF2oNUbUDJY7lLpZtlUdDFvM4+HfqBmOFQKCAQEA0T91tlvh\nhTNOVlMnbAjuaP883bsECqfsdR4O6t/lO8duxfS+me1GfA3fO/jchUq/yNs2lQuR\npGCvgfmf6aQBCWSb7YkAfWX3/lm8WgqzD/esDLOlzrNuBwew9T6dz/vmq3n209oJ\nEi/A2vlXQUjcoJFMCEyyk9t/5jBkWQr/TbYUhvhvjY7TuUG4okyf9r2aRmd32iRQ\neK09hjm87uMgCNRzUcfSrqKiIdVCRHUPy9Cg5CL/jf/lzgYxi4Cu9p/e5B9RUEsk\nb5ET1SLcW2zL16oJ6fgoSAoP1ruYgl7ZRRd6fdyZi0DwJqjwaAPa8NM2QwSDMCwS\n9f/oFKoE+wZSlwKCAQEAwx3SyU23bVphxLWyuIZ4DLzOuy0kIEGPOvRpeLAD5vK6\n6mub9AeE7Jy7B4ouN+YKZCuZFCqM6NpAbkFh+QHYn8aS41pqVFLfOgw090hD19Q0\nIUEh/s+B5I4MlwSgZ5OFP1aQAVnCz1NcYUnPS202A4D+7+AFgbyUf+IiMYlSz/y2\nmC9zYlQSdOoG8UMvcCc7qmDQ7vMui12cLc1zxGfAEyvnJKzsS4KGzMyKrg9+uEv2\najxD/6OMeDiJ0378s9NMZbDJ9BPgjha75YIWBPH6zK9v1+q292T0f20MJ4MOBF90\nEqWe48iNLb1DZrntsyguD/OjFx+sV5pJVCkb1fgofwKCAQBjQVXl5ZmJJHghTJpj\nja0BUykdCGv3XgY028g5s3C6NXSfI+QRgdKwX6gne3mnJHjqnsk6U92G+nHmFnG7\nUxdGzFmGiDkaQncrSIemsnKTvWj4MXMSJFypqwVOn6AeGyAk8NqbTU6GOO6jMCkq\nh5RX+fP17+O5bSIzH3tKHYRS6W69QzUvEbPuqXUaT3yFfxSiFsxsRlOBmrOXauXq\n7wOwDI6TGVUfj3eW0uD3NgwDIvhenxdX1S2914RC5wyXYehJj21zx+EFpuygakPa\nfjYHG9pOCG+bFGLE+gFyvekT8/ofn7eZrXj87Z/zxvhgyd9wVMCh5hYsaHI+8xMf\nu7ULAoIBAFS3UzkSJE03i/Gjzoht4hvtsnj0nZXfwTegvVaoXdldlKiJtnna9ezi\nFBau+WhN2j8p6tolq27CrGzyuH4sPgkJZ+eM71PTc5a5jBm9568DNOsnY4JGSKia\nwH6lhJvUImugwv/DIGFyWU7ohDfEoEofLRGrm9h7r6Ji5ePKMwmZORKUr62GwUi/\n/+mq+SLh9fcA+FZ3gcMDDveYF+a0AWKRkleLOUGD19F+EcyHb8bHPKNdrUyGj0v3\niGgq37+YQ7h3bQgrxTkMR+Lbe4IEKpfKqG4APBboX3wgNcHGFkTxyOz7uiQ+hIXS\ngjxNCBbcoDtO1oYIu4SBucrv2mUpzTMCggEBALW+CxQpzkV2XcqW2Q+rD4Vv64tX\nz18GvV+kg0RYdgNuSTduAxw3DC4nTLB3yA/r4n3pss4AhheA5GDTKRircJGW9Xnw\nWbRw4/1NPs0bZ3m8s4MpOV8qHf982+nxB9HlaqxXF8gOlphOrqq+VagewNslJvkI\nHQ+HYi2MW0PNAP7fsnkv5AkKfF0tzYJDckanxoaTgu20UmcupDYUV3o7j9RxoeuZ\ndCbvgidP8seWClMhfwCYM/Ca6UKf0o+APr76hBzlcOwtlbvlRizlhTNT2dyNIu7L\nUTQof8MgaF4sZkIM3VeZ/+trH3tV/XePj6nBwsG5pLTADbnMZn7zdqTk7Y0=\n-----END RSA PRIVATE KEY-----\n",
      "type": "string",
      "sensitive": true
    }
  },
  "resources": [
    {
      "mode": "managed",
      "type": "azurerm_linux_virtual_machine",
      "name": "my_terraform_vm",
      "provider": "provider[\"registry.terraform.io/hashicorp/azurerm\"]",
      "instances": [
        {
          "schema_version": 0,
          "attributes": {
            "additional_capabilities": [],
            "admin_password": null,
            "admin_ssh_key": [
              {
                "public_key": "ssh-rsa AAAAB3NzaC1yc2EAAAADAQABAAACAQCfe7ck1o44tjMnq9/pmGgkVT7fH09oPKR+ADbyS5vV5644g55sXQXBLo6lfotwT1ygT8VtU6no5tN0GkOmPsUsFv6DqnjdH+vDPwqNGKzCqvFdoD7clVYtVdiyQuQAfmFTIbx9nEzr703lpokyLenjEl6S3YiDN060p5l7xjRInjhjI6Bm6bZyPndz/oEYZmApPcuJfNSw0gTDxxf4a097oOKS8NlT2SUYuObJSHFj2uSoMYie+XuhdPTGgclCLv0AmBGo/ERsU78KZNl00qzwiceKbMuWlE20mJkriane6j0LFdurhRTDSp2kjGCm+dSF95T+st1+Mn8isf4xa3DRPuVU80z2KcFkWswnBsyROmgWWwXDaevgMKDeZj0BYZKDxQSmwteq0y8G5oZurFoR5Oj/T5wEqtp54qMWq0NZkLOcMHGzMCIqE4BgEqCn8joAQ5YHoNsmYV2EU7fpwY0JrbHN31GQw4dgnGzTcVkN3HYt8jqtPPhSOZB1OxbqFMCOAYQ1o9Q0rP2bMgaoXN7f+yPlGs6rXGB44dVBFfww8lV7du9U9glSa6OpqeV3d8UniFJD1bytIjYXxmj51CXtWkabZ3mjBsf7Fp9SNuarE+enMH4s1HD3WtROXOkr2FGapURU0HDvwZWON3If4UT2yhADX/zM8eLb8XV2KlKQ6Q==\n",
                "username": "azureuser"
              }
            ],
            "admin_username": "azureuser",
            "allow_extension_operations": true,
            "availability_set_id": "",
            "boot_diagnostics": [
              {
                "storage_account_uri": "https://diag364255c24a5cf295.blob.core.windows.net/"
              }
            ],
            "computer_name": "myvm",
            "custom_data": null,
            "dedicated_host_group_id": "",
            "dedicated_host_id": "",
            "disable_password_authentication": true,
            "encryption_at_host_enabled": false,
            "eviction_policy": "",
            "extensions_time_budget": "PT1H30M",
            "id": "/subscriptions/5d498653-580f-4e59-a2fb-df5c716e2524/resourceGroups/rg-quick-possum/providers/Microsoft.Compute/virtualMachines/myVM",
            "identity": [
              {
                "identity_ids": [],
                "principal_id": "e92318ca-3ded-4a9f-a49e-1a78e7cd1d33",
                "tenant_id": "9a9e6d81-92f6-462f-8c71-fdbbf82e76ca",
                "type": "SystemAssigned"
              }
            ],
            "license_type": "",
            "location": "eastus",
            "max_bid_price": -1,
            "name": "myVM",
            "network_interface_ids": [
              "/subscriptions/5d498653-580f-4e59-a2fb-df5c716e2524/resourceGroups/rg-quick-possum/providers/Microsoft.Network/networkInterfaces/myNIC"
            ],
            "os_disk": [
              {
                "caching": "ReadWrite",
                "diff_disk_settings": [],
                "disk_encryption_set_id": "",
                "disk_size_gb": 30,
                "name": "myOsDisk",
                "storage_account_type": "Premium_LRS",
                "write_accelerator_enabled": false
              }
            ],
            "patch_mode": "ImageDefault",
            "plan": [],
            "platform_fault_domain": -1,
            "priority": "Regular",
            "private_ip_address": "10.0.1.4",
            "private_ip_addresses": [
              "10.0.1.4"
            ],
            "provision_vm_agent": true,
            "proximity_placement_group_id": "",
            "public_ip_address": "74.235.9.60",
            "public_ip_addresses": [
              "74.235.9.60"
            ],
            "resource_group_name": "rg-quick-possum",
            "secret": [],
            "secure_boot_enabled": false,
            "size": "Standard_DS1_v2",
            "source_image_id": "",
            "source_image_reference": [
              {
                "offer": "0001-com-ubuntu-server-jammy",
                "publisher": "Canonical",
                "sku": "22_04-lts-gen2",
                "version": "latest"
              }
            ],
            "tags": null,
            "timeouts": null,
            "user_data": "",
            "virtual_machine_id": "c376d6d0-0f87-4f09-8926-0e82c504d1b9",
            "virtual_machine_scale_set_id": "",
            "vtpm_enabled": false,
            "zone": ""
          },
          "sensitive_attributes": [],
          "private": "eyJlMmJmYjczMC1lY2FhLTExZTYtOGY4OC0zNDM2M2JjN2M0YzAiOnsiY3JlYXRlIjoyNzAwMDAwMDAwMDAwLCJkZWxldGUiOjI3MDAwMDAwMDAwMDAsInJlYWQiOjMwMDAwMDAwMDAwMCwidXBkYXRlIjoyNzAwMDAwMDAwMDAwfX0=",
          "dependencies": [
            "azurerm_network_interface.my_terraform_nic",
            "azurerm_public_ip.my_terraform_public_ip",
            "azurerm_resource_group.rg",
            "azurerm_storage_account.my_storage_account",
            "azurerm_subnet.my_terraform_subnet",
            "azurerm_virtual_network.my_terraform_network",
            "random_id.random_id",
            "random_pet.rg_name",
            "tls_private_key.example_ssh"
          ]
        }
      ]
    },
    {
      "mode": "managed",
      "type": "azurerm_network_interface",
      "name": "my_terraform_nic",
      "provider": "provider[\"registry.terraform.io/hashicorp/azurerm\"]",
      "instances": [
        {
          "schema_version": 0,
          "attributes": {
            "applied_dns_servers": [],
            "dns_servers": [],
            "enable_accelerated_networking": false,
            "enable_ip_forwarding": false,
            "id": "/subscriptions/5d498653-580f-4e59-a2fb-df5c716e2524/resourceGroups/rg-quick-possum/providers/Microsoft.Network/networkInterfaces/myNIC",
            "internal_dns_name_label": "",
            "internal_domain_name_suffix": "odyxwk2cmfzevjtc25fy4ehdwb.bx.internal.cloudapp.net",
            "ip_configuration": [
              {
                "gateway_load_balancer_frontend_ip_configuration_id": "",
                "name": "my_nic_configuration",
                "primary": true,
                "private_ip_address": "10.0.1.4",
                "private_ip_address_allocation": "Dynamic",
                "private_ip_address_version": "IPv4",
                "public_ip_address_id": "/subscriptions/5d498653-580f-4e59-a2fb-df5c716e2524/resourceGroups/rg-quick-possum/providers/Microsoft.Network/publicIPAddresses/myPublicIP",
                "subnet_id": "/subscriptions/5d498653-580f-4e59-a2fb-df5c716e2524/resourceGroups/rg-quick-possum/providers/Microsoft.Network/virtualNetworks/myVnet/subnets/mySubnet"
              }
            ],
            "location": "eastus",
            "mac_address": "",
            "name": "myNIC",
            "private_ip_address": "10.0.1.4",
            "private_ip_addresses": [
              "10.0.1.4"
            ],
            "resource_group_name": "rg-quick-possum",
            "tags": null,
            "timeouts": null,
            "virtual_machine_id": ""
          },
          "sensitive_attributes": [],
          "private": "eyJlMmJmYjczMC1lY2FhLTExZTYtOGY4OC0zNDM2M2JjN2M0YzAiOnsiY3JlYXRlIjoxODAwMDAwMDAwMDAwLCJkZWxldGUiOjE4MDAwMDAwMDAwMDAsInJlYWQiOjMwMDAwMDAwMDAwMCwidXBkYXRlIjoxODAwMDAwMDAwMDAwfX0=",
          "dependencies": [
            "azurerm_public_ip.my_terraform_public_ip",
            "azurerm_resource_group.rg",
            "azurerm_subnet.my_terraform_subnet",
            "azurerm_virtual_network.my_terraform_network",
            "random_pet.rg_name"
          ]
        }
      ]
    },
    {
      "mode": "managed",
      "type": "azurerm_network_interface_security_group_association",
      "name": "example",
      "provider": "provider[\"registry.terraform.io/hashicorp/azurerm\"]",
      "instances": [
        {
          "schema_version": 0,
          "attributes": {
            "id": "/subscriptions/5d498653-580f-4e59-a2fb-df5c716e2524/resourceGroups/rg-quick-possum/providers/Microsoft.Network/networkInterfaces/myNIC|/subscriptions/5d498653-580f-4e59-a2fb-df5c716e2524/resourceGroups/rg-quick-possum/providers/Microsoft.Network/networkSecurityGroups/myNetworkSecurityGroup",
            "network_interface_id": "/subscriptions/5d498653-580f-4e59-a2fb-df5c716e2524/resourceGroups/rg-quick-possum/providers/Microsoft.Network/networkInterfaces/myNIC",
            "network_security_group_id": "/subscriptions/5d498653-580f-4e59-a2fb-df5c716e2524/resourceGroups/rg-quick-possum/providers/Microsoft.Network/networkSecurityGroups/myNetworkSecurityGroup",
            "timeouts": null
          },
          "sensitive_attributes": [],
          "private": "eyJlMmJmYjczMC1lY2FhLTExZTYtOGY4OC0zNDM2M2JjN2M0YzAiOnsiY3JlYXRlIjoxODAwMDAwMDAwMDAwLCJkZWxldGUiOjE4MDAwMDAwMDAwMDAsInJlYWQiOjMwMDAwMDAwMDAwMCwidXBkYXRlIjoxODAwMDAwMDAwMDAwfX0=",
          "dependencies": [
            "azurerm_network_interface.my_terraform_nic",
            "azurerm_network_security_group.my_terraform_nsg",
            "azurerm_public_ip.my_terraform_public_ip",
            "azurerm_resource_group.rg",
            "azurerm_subnet.my_terraform_subnet",
            "azurerm_virtual_network.my_terraform_network",
            "random_pet.rg_name"
          ]
        }
      ]
    },
    {
      "mode": "managed",
      "type": "azurerm_network_security_group",
      "name": "my_terraform_nsg",
      "provider": "provider[\"registry.terraform.io/hashicorp/azurerm\"]",
      "instances": [
        {
          "schema_version": 0,
          "attributes": {
            "id": "/subscriptions/5d498653-580f-4e59-a2fb-df5c716e2524/resourceGroups/rg-quick-possum/providers/Microsoft.Network/networkSecurityGroups/myNetworkSecurityGroup",
            "location": "eastus",
            "name": "myNetworkSecurityGroup",
            "resource_group_name": "rg-quick-possum",
            "security_rule": [
              {
                "access": "Allow",
                "description": "",
                "destination_address_prefix": "*",
                "destination_address_prefixes": [],
                "destination_application_security_group_ids": [],
                "destination_port_range": "22",
                "destination_port_ranges": [],
                "direction": "Inbound",
                "name": "SSH",
                "priority": 1001,
                "protocol": "Tcp",
                "source_address_prefix": "*",
                "source_address_prefixes": [],
                "source_application_security_group_ids": [],
                "source_port_range": "*",
                "source_port_ranges": []
              }
            ],
            "tags": null,
            "timeouts": null
          },
          "sensitive_attributes": [],
          "private": "eyJlMmJmYjczMC1lY2FhLTExZTYtOGY4OC0zNDM2M2JjN2M0YzAiOnsiY3JlYXRlIjoxODAwMDAwMDAwMDAwLCJkZWxldGUiOjE4MDAwMDAwMDAwMDAsInJlYWQiOjMwMDAwMDAwMDAwMCwidXBkYXRlIjoxODAwMDAwMDAwMDAwfX0=",
          "dependencies": [
            "azurerm_resource_group.rg",
            "random_pet.rg_name"
          ]
        }
      ]
    },
    {
      "mode": "managed",
      "type": "azurerm_public_ip",
      "name": "my_terraform_public_ip",
      "provider": "provider[\"registry.terraform.io/hashicorp/azurerm\"]",
      "instances": [
        {
          "schema_version": 0,
          "attributes": {
            "allocation_method": "Dynamic",
            "availability_zone": "No-Zone",
            "domain_name_label": null,
            "fqdn": null,
            "id": "/subscriptions/5d498653-580f-4e59-a2fb-df5c716e2524/resourceGroups/rg-quick-possum/providers/Microsoft.Network/publicIPAddresses/myPublicIP",
            "idle_timeout_in_minutes": 4,
            "ip_address": "",
            "ip_tags": null,
            "ip_version": "IPv4",
            "location": "eastus",
            "name": "myPublicIP",
            "public_ip_prefix_id": null,
            "resource_group_name": "rg-quick-possum",
            "reverse_fqdn": null,
            "sku": "Basic",
            "sku_tier": "Regional",
            "tags": null,
            "timeouts": null,
            "zones": []
          },
          "sensitive_attributes": [],
          "private": "eyJlMmJmYjczMC1lY2FhLTExZTYtOGY4OC0zNDM2M2JjN2M0YzAiOnsiY3JlYXRlIjoxODAwMDAwMDAwMDAwLCJkZWxldGUiOjE4MDAwMDAwMDAwMDAsInJlYWQiOjMwMDAwMDAwMDAwMCwidXBkYXRlIjoxODAwMDAwMDAwMDAwfX0=",
          "dependencies": [
            "azurerm_resource_group.rg",
            "random_pet.rg_name"
          ]
        }
      ]
    },
    {
      "mode": "managed",
      "type": "azurerm_resource_group",
      "name": "rg",
      "provider": "provider[\"registry.terraform.io/hashicorp/azurerm\"]",
      "instances": [
        {
          "schema_version": 0,
          "attributes": {
            "id": "/subscriptions/5d498653-580f-4e59-a2fb-df5c716e2524/resourceGroups/rg-quick-possum",
            "location": "eastus",
            "name": "rg-quick-possum",
            "tags": null,
            "timeouts": null
          },
          "sensitive_attributes": [],
          "private": "eyJlMmJmYjczMC1lY2FhLTExZTYtOGY4OC0zNDM2M2JjN2M0YzAiOnsiY3JlYXRlIjo1NDAwMDAwMDAwMDAwLCJkZWxldGUiOjU0MDAwMDAwMDAwMDAsInJlYWQiOjMwMDAwMDAwMDAwMCwidXBkYXRlIjo1NDAwMDAwMDAwMDAwfX0=",
          "dependencies": [
            "random_pet.rg_name"
          ]
        }
      ]
    },
    {
      "mode": "managed",
      "type": "azurerm_storage_account",
      "name": "my_storage_account",
      "provider": "provider[\"registry.terraform.io/hashicorp/azurerm\"]",
      "instances": [
        {
          "schema_version": 2,
          "attributes": {
            "access_tier": "Hot",
            "account_kind": "StorageV2",
            "account_replication_type": "LRS",
            "account_tier": "Standard",
            "allow_blob_public_access": false,
            "azure_files_authentication": [],
            "blob_properties": [
              {
                "change_feed_enabled": false,
                "container_delete_retention_policy": [],
                "cors_rule": [],
                "default_service_version": "",
                "delete_retention_policy": [],
                "last_access_time_enabled": false,
                "versioning_enabled": false
              }
            ],
            "custom_domain": [],
            "customer_managed_key": [],
            "enable_https_traffic_only": true,
            "id": "/subscriptions/5d498653-580f-4e59-a2fb-df5c716e2524/resourceGroups/rg-quick-possum/providers/Microsoft.Storage/storageAccounts/diag364255c24a5cf295",
            "identity": [],
            "infrastructure_encryption_enabled": false,
            "is_hns_enabled": false,
            "large_file_share_enabled": null,
            "location": "eastus",
            "min_tls_version": "TLS1_0",
            "name": "diag364255c24a5cf295",
            "network_rules": [
              {
                "bypass": [
                  "AzureServices"
                ],
                "default_action": "Allow",
                "ip_rules": [],
                "private_link_access": [],
                "virtual_network_subnet_ids": []
              }
            ],
            "nfsv3_enabled": false,
            "primary_access_key": "oplv5J2T8sV0/KNzBoGRXE/XcRUVc4MnUrrYPl5HeMhiyVGiNyau+re2zZaJ7x+BqAyHYWIYKy8r+AStmFp8hQ==",
            "primary_blob_connection_string": "DefaultEndpointsProtocol=https;BlobEndpoint=https://diag364255c24a5cf295.blob.core.windows.net/;AccountName=diag364255c24a5cf295;AccountKey=oplv5J2T8sV0/KNzBoGRXE/XcRUVc4MnUrrYPl5HeMhiyVGiNyau+re2zZaJ7x+BqAyHYWIYKy8r+AStmFp8hQ==",
            "primary_blob_endpoint": "https://diag364255c24a5cf295.blob.core.windows.net/",
            "primary_blob_host": "diag364255c24a5cf295.blob.core.windows.net",
            "primary_connection_string": "DefaultEndpointsProtocol=https;AccountName=diag364255c24a5cf295;AccountKey=oplv5J2T8sV0/KNzBoGRXE/XcRUVc4MnUrrYPl5HeMhiyVGiNyau+re2zZaJ7x+BqAyHYWIYKy8r+AStmFp8hQ==;EndpointSuffix=core.windows.net",
            "primary_dfs_endpoint": "https://diag364255c24a5cf295.dfs.core.windows.net/",
            "primary_dfs_host": "diag364255c24a5cf295.dfs.core.windows.net",
            "primary_file_endpoint": "https://diag364255c24a5cf295.file.core.windows.net/",
            "primary_file_host": "diag364255c24a5cf295.file.core.windows.net",
            "primary_location": "eastus",
            "primary_queue_endpoint": "https://diag364255c24a5cf295.queue.core.windows.net/",
            "primary_queue_host": "diag364255c24a5cf295.queue.core.windows.net",
            "primary_table_endpoint": "https://diag364255c24a5cf295.table.core.windows.net/",
            "primary_table_host": "diag364255c24a5cf295.table.core.windows.net",
            "primary_web_endpoint": "https://diag364255c24a5cf295.z13.web.core.windows.net/",
            "primary_web_host": "diag364255c24a5cf295.z13.web.core.windows.net",
            "queue_encryption_key_type": "Service",
            "queue_properties": [
              {
                "cors_rule": [],
                "hour_metrics": [
                  {
                    "enabled": true,
                    "include_apis": true,
                    "retention_policy_days": 7,
                    "version": "1.0"
                  }
                ],
                "logging": [
                  {
                    "delete": false,
                    "read": false,
                    "retention_policy_days": 0,
                    "version": "1.0",
                    "write": false
                  }
                ],
                "minute_metrics": [
                  {
                    "enabled": false,
                    "include_apis": false,
                    "retention_policy_days": 0,
                    "version": "1.0"
                  }
                ]
              }
            ],
            "resource_group_name": "rg-quick-possum",
            "routing": [],
            "secondary_access_key": "g31l98GDubh5ssf/3u3ae440NhbTnQ5KjhMxOtel3u804Hcprmua/kBOKPXfb9Rd4f7ATEpl6S/S+ASt+RqrsQ==",
            "secondary_blob_connection_string": "",
            "secondary_blob_endpoint": null,
            "secondary_blob_host": null,
            "secondary_connection_string": "DefaultEndpointsProtocol=https;AccountName=diag364255c24a5cf295;AccountKey=g31l98GDubh5ssf/3u3ae440NhbTnQ5KjhMxOtel3u804Hcprmua/kBOKPXfb9Rd4f7ATEpl6S/S+ASt+RqrsQ==;EndpointSuffix=core.windows.net",
            "secondary_dfs_endpoint": null,
            "secondary_dfs_host": null,
            "secondary_file_endpoint": null,
            "secondary_file_host": null,
            "secondary_location": "",
            "secondary_queue_endpoint": null,
            "secondary_queue_host": null,
            "secondary_table_endpoint": null,
            "secondary_table_host": null,
            "secondary_web_endpoint": null,
            "secondary_web_host": null,
            "share_properties": [
              {
                "cors_rule": [],
                "retention_policy": [
                  {
                    "days": 7
                  }
                ],
                "smb": []
              }
            ],
            "shared_access_key_enabled": true,
            "static_website": [],
            "table_encryption_key_type": "Service",
            "tags": null,
            "timeouts": null
          },
          "sensitive_attributes": [],
          "private": "eyJlMmJmYjczMC1lY2FhLTExZTYtOGY4OC0zNDM2M2JjN2M0YzAiOnsiY3JlYXRlIjozNjAwMDAwMDAwMDAwLCJkZWxldGUiOjM2MDAwMDAwMDAwMDAsInJlYWQiOjMwMDAwMDAwMDAwMCwidXBkYXRlIjozNjAwMDAwMDAwMDAwfSwic2NoZW1hX3ZlcnNpb24iOiIyIn0=",
          "dependencies": [
            "azurerm_resource_group.rg",
            "random_id.random_id",
            "random_pet.rg_name"
          ]
        }
      ]
    },
    {
      "mode": "managed",
      "type": "azurerm_subnet",
      "name": "my_terraform_subnet",
      "provider": "provider[\"registry.terraform.io/hashicorp/azurerm\"]",
      "instances": [
        {
          "schema_version": 0,
          "attributes": {
            "address_prefix": "10.0.1.0/24",
            "address_prefixes": [
              "10.0.1.0/24"
            ],
            "delegation": [],
            "enforce_private_link_endpoint_network_policies": false,
            "enforce_private_link_service_network_policies": false,
            "id": "/subscriptions/5d498653-580f-4e59-a2fb-df5c716e2524/resourceGroups/rg-quick-possum/providers/Microsoft.Network/virtualNetworks/myVnet/subnets/mySubnet",
            "name": "mySubnet",
            "resource_group_name": "rg-quick-possum",
            "service_endpoint_policy_ids": null,
            "service_endpoints": null,
            "timeouts": null,
            "virtual_network_name": "myVnet"
          },
          "sensitive_attributes": [],
          "private": "eyJlMmJmYjczMC1lY2FhLTExZTYtOGY4OC0zNDM2M2JjN2M0YzAiOnsiY3JlYXRlIjoxODAwMDAwMDAwMDAwLCJkZWxldGUiOjE4MDAwMDAwMDAwMDAsInJlYWQiOjMwMDAwMDAwMDAwMCwidXBkYXRlIjoxODAwMDAwMDAwMDAwfX0=",
          "dependencies": [
            "azurerm_resource_group.rg",
            "azurerm_virtual_network.my_terraform_network",
            "random_pet.rg_name"
          ]
        }
      ]
    },
    {
      "mode": "managed",
      "type": "azurerm_virtual_network",
      "name": "my_terraform_network",
      "provider": "provider[\"registry.terraform.io/hashicorp/azurerm\"]",
      "instances": [
        {
          "schema_version": 0,
          "attributes": {
            "address_space": [
              "10.0.0.0/16"
            ],
            "bgp_community": "",
            "ddos_protection_plan": [],
            "dns_servers": [],
            "flow_timeout_in_minutes": 0,
            "guid": "2b7bf170-6182-4a72-a662-e7cb8f10e3b1",
            "id": "/subscriptions/5d498653-580f-4e59-a2fb-df5c716e2524/resourceGroups/rg-quick-possum/providers/Microsoft.Network/virtualNetworks/myVnet",
            "location": "eastus",
            "name": "myVnet",
            "resource_group_name": "rg-quick-possum",
            "subnet": [],
            "tags": null,
            "timeouts": null,
            "vm_protection_enabled": false
          },
          "sensitive_attributes": [],
          "private": "eyJlMmJmYjczMC1lY2FhLTExZTYtOGY4OC0zNDM2M2JjN2M0YzAiOnsiY3JlYXRlIjoxODAwMDAwMDAwMDAwLCJkZWxldGUiOjE4MDAwMDAwMDAwMDAsInJlYWQiOjMwMDAwMDAwMDAwMCwidXBkYXRlIjoxODAwMDAwMDAwMDAwfX0=",
          "dependencies": [
            "azurerm_resource_group.rg",
            "random_pet.rg_name"
          ]
        }
      ]
    },
    {
      "mode": "managed",
      "type": "random_id",
      "name": "random_id",
      "provider": "provider[\"registry.terraform.io/hashicorp/random\"]",
      "instances": [
        {
          "schema_version": 0,
          "attributes": {
            "b64_std": "NkJVwkpc8pU=",
            "b64_url": "NkJVwkpc8pU",
            "byte_length": 8,
            "dec": "3909781719470633621",
            "hex": "364255c24a5cf295",
            "id": "NkJVwkpc8pU",
            "keepers": {
              "resource_group": "rg-quick-possum"
            },
            "prefix": null
          },
          "sensitive_attributes": [],
          "dependencies": [
            "azurerm_resource_group.rg",
            "random_pet.rg_name"
          ]
        }
      ]
    },
    {
      "mode": "managed",
      "type": "random_pet",
      "name": "rg_name",
      "provider": "provider[\"registry.terraform.io/hashicorp/random\"]",
      "instances": [
        {
          "schema_version": 0,
          "attributes": {
            "id": "rg-quick-possum",
            "keepers": null,
            "length": 2,
            "prefix": "rg",
            "separator": "-"
          },
          "sensitive_attributes": []
        }
      ]
    },
    {
      "mode": "managed",
      "type": "tls_private_key",
      "name": "example_ssh",
      "provider": "provider[\"registry.terraform.io/hashicorp/tls\"]",
      "instances": [
        {
          "schema_version": 1,
          "attributes": {
            "algorithm": "RSA",
            "ecdsa_curve": "P224",
            "id": "eb69f8994d8dff277d836c73299e0837312eab2c",
            "private_key_openssh": "-----BEGIN OPENSSH PRIVATE KEY-----\nb3BlbnNzaC1rZXktdjEAAAAABG5vbmUAAAAEbm9uZQAAAAAAAAABAAACFwAAAAdz\nc2gtcnNhAAAAAwEAAQAAAgEAn3u3JNaOOLYzJ6vf6ZhoJFU+3x9PaDykfgA28kub\n1eeuOIOebF0FwS6OpX6LcE9coE/FbVOp6ObTdBpDpj7FLBb+g6p43R/rwz8KjRis\nwqrxXaA+3JVWLVXYskLkAH5hUyG8fZxM6+9N5aaJMi3p4xJekt2IgzdOtKeZe8Y0\nSJ44YyOgZum2cj53c/6BGGZgKT3LiXzUsNIEw8cX+GtPe6DikvDZU9klGLjmyUhx\nY9rkqDGInvl7oXT0xoHJQi79AJgRqPxEbFO/CmTZdNKs8InHimzLlpRNtJiZK4mp\n3uo9CxXbq4UUw0qdpIxgpvnUhfeU/rLdfjJ/IrH+MWtw0T7lVPNM9inBZFrMJwbM\nkTpoFlsFw2nr4DCg3mY9AWGSg8UEpsLXqtMvBuaGbqxaEeTo/0+cBKraeeKjFqtD\nWZCznDBxszAiKhOAYBKgp/I6AEOWB6DbJmFdhFO36cGNCa2xzd9RkMOHYJxs03FZ\nDdx2LfI6rTz4UjmQdTsW6hTAjgGENaPUNKz9mzIGqFze3/sj5RrOq1xgeOHVQRX8\nMPJVe3bvVPYJUmujqanld3fFJ4hSQ9W8rSI2F8Zo+dQl7VpGm2d5owbH+xafUjbm\nqxPnpzB+LNRw91rUTlzpK9hRmqVEVNBw78GVjjdyH+FE9soQA1/8zPHi2/F1dipS\nkOkAAAc4PW8Otj1vDrYAAAAHc3NoLXJzYQAAAgEAn3u3JNaOOLYzJ6vf6ZhoJFU+\n3x9PaDykfgA28kub1eeuOIOebF0FwS6OpX6LcE9coE/FbVOp6ObTdBpDpj7FLBb+\ng6p43R/rwz8KjRiswqrxXaA+3JVWLVXYskLkAH5hUyG8fZxM6+9N5aaJMi3p4xJe\nkt2IgzdOtKeZe8Y0SJ44YyOgZum2cj53c/6BGGZgKT3LiXzUsNIEw8cX+GtPe6Di\nkvDZU9klGLjmyUhxY9rkqDGInvl7oXT0xoHJQi79AJgRqPxEbFO/CmTZdNKs8InH\nimzLlpRNtJiZK4mp3uo9CxXbq4UUw0qdpIxgpvnUhfeU/rLdfjJ/IrH+MWtw0T7l\nVPNM9inBZFrMJwbMkTpoFlsFw2nr4DCg3mY9AWGSg8UEpsLXqtMvBuaGbqxaEeTo\n/0+cBKraeeKjFqtDWZCznDBxszAiKhOAYBKgp/I6AEOWB6DbJmFdhFO36cGNCa2x\nzd9RkMOHYJxs03FZDdx2LfI6rTz4UjmQdTsW6hTAjgGENaPUNKz9mzIGqFze3/sj\n5RrOq1xgeOHVQRX8MPJVe3bvVPYJUmujqanld3fFJ4hSQ9W8rSI2F8Zo+dQl7VpG\nm2d5owbH+xafUjbmqxPnpzB+LNRw91rUTlzpK9hRmqVEVNBw78GVjjdyH+FE9soQ\nA1/8zPHi2/F1dipSkOkAAAADAQABAAACAFwV4hTKMgp64aSpcDt//bnk4s2QVZhZ\nU51RYGic0Zk8EfOdw87ME3OM/159Z+PsXw5NoTBUG4pYJYYnWCJYoh6oFENQHkOH\nl+j/sIbx1Wb9ryohScqyC7VXmSysxNuoHWgT1bMtmZitb2wHsbYgnqi3RZZFhfpF\n6BMVpuC5/BxmBybvPkHN9sOWYADA1ieRjTqi7LAxPNnwGkI05hlRVO6MYeb4XHQ2\nsF3K/a8BPj+q91ZKa5lnckQytNcdv2iQmxNJuwC40IVAAdHtk0YKE0M8OtQpp5AF\nh6ycY+yoq0YEOET7VQB/chKlNcr6JyCiplzILOa3vn6Mh64v2hcM83FlBPMzngNH\nyXntS0ZMZ4cXUkNP/CpUwnvnYtFyACI8v02cF5XM/6aC6X2UznNYd5xqh5Z93N53\nAlRzfDdr8s0Ukkic4RnWMbhevK9wu/xaimXKN3YUAR5I+ZZEOpCFt8Ps74jGRZQV\n8OI6VzX2OkkWMU6wlXiVSNPKFy/ICU/XncGGVEqIje+F+IR3xiXWOY6slmL3J+3Z\n/25O02nQopOLflH05dNOQ1rVTEr2M2Wuswi7/RyPhMngkr5vE3XHS+kT+mhYXJkd\nqc5/aF0IESUMaKrA77lnLV31t2zf63Vhis/LmJ0sfL+sXag1RtQMljuUulm2VR0M\nW8zj4d+oGY4VAAABAQC1vgsUKc5Fdl3KltkPqw+Fb+uLV89fBr1fpINEWHYDbkk3\nbgMcNwwuJ0ywd8gP6+J96bLOAIYXgORg0ykYq3CRlvV58Fm0cOP9TT7NG2d5vLOD\nKTlfKh3/fNvp8QfR5WqsVxfIDpaYTq6qvlWoHsDbJSb5CB0Ph2ItjFtDzQD+37J5\nL+QJCnxdLc2CQ3JGp8aGk4LttFJnLqQ2FFd6O4/UcaHrmXQm74InT/LHlgpTIX8A\nmDPwmulCn9KPgD6++oQc5XDsLZW75UYs5YUzU9ncjSLuy1E0KH/DIGheLGZCDN1X\nmf/rax97Vf13j4+pwcLBuaS0wA25zGZ+83ak5O2NAAABAQDRP3W2W+GFM05WUyds\nCO5o/zzduwQKp+x1Hg7q3+U7x27F9L6Z7UZ8Dd87+NyFSr/I2zaVC5GkYK+B+Z/p\npAEJZJvtiQB9Zff+WbxaCrMP96wMs6XOs24HB7D1Pp3P++arefbT2gkSL8Da+VdB\nSNygkUwITLKT23/mMGRZCv9NthSG+G+NjtO5QbiiTJ/2vZpGZ3faJFB4rT2GObzu\n4yAI1HNRx9KuoqIh1UJEdQ/L0KDkIv+N/+XOBjGLgK72n97kH1FQSyRvkRPVItxb\nbMvXqgnp+ChICg/Wu5iCXtlFF3p93JmLQPAmqPBoA9rw0zZDBIMwLBL1/+gUqgT7\nBlKXAAABAQDDHdLJTbdtWmHEtbK4hngMvM67LSQgQY869Gl4sAPm8rrqa5v0B4Ts\nnLsHii435gpkK5kUKozo2kBuQWH5AdifxpLjWmpUUt86DDT3SEPX1DQhQSH+z4Hk\njgyXBKBnk4U/VpABWcLPU1xhSc9LbTYDgP7v4AWBvJR/4iIxiVLP/LaYL3NiVBJ0\n6gbxQy9wJzuqYNDu8y6LXZwtzXPEZ8ATK+ckrOxLgobMzIquD364S/ZqPEP/o4x4\nOInTfvyz00xlsMn0E+COFrvlghYE8frMr2/X6rb3ZPR/bQwngw4EX3QSpZ7jyI0t\nvUNmue2zKC4P86MXH6xXmklUKRvV+Ch/AAAAAAEC\n-----END OPENSSH PRIVATE KEY-----\n",
            "private_key_pem": "-----BEGIN RSA PRIVATE KEY-----\nMIIJKAIBAAKCAgEAn3u3JNaOOLYzJ6vf6ZhoJFU+3x9PaDykfgA28kub1eeuOIOe\nbF0FwS6OpX6LcE9coE/FbVOp6ObTdBpDpj7FLBb+g6p43R/rwz8KjRiswqrxXaA+\n3JVWLVXYskLkAH5hUyG8fZxM6+9N5aaJMi3p4xJekt2IgzdOtKeZe8Y0SJ44YyOg\nZum2cj53c/6BGGZgKT3LiXzUsNIEw8cX+GtPe6DikvDZU9klGLjmyUhxY9rkqDGI\nnvl7oXT0xoHJQi79AJgRqPxEbFO/CmTZdNKs8InHimzLlpRNtJiZK4mp3uo9CxXb\nq4UUw0qdpIxgpvnUhfeU/rLdfjJ/IrH+MWtw0T7lVPNM9inBZFrMJwbMkTpoFlsF\nw2nr4DCg3mY9AWGSg8UEpsLXqtMvBuaGbqxaEeTo/0+cBKraeeKjFqtDWZCznDBx\nszAiKhOAYBKgp/I6AEOWB6DbJmFdhFO36cGNCa2xzd9RkMOHYJxs03FZDdx2LfI6\nrTz4UjmQdTsW6hTAjgGENaPUNKz9mzIGqFze3/sj5RrOq1xgeOHVQRX8MPJVe3bv\nVPYJUmujqanld3fFJ4hSQ9W8rSI2F8Zo+dQl7VpGm2d5owbH+xafUjbmqxPnpzB+\nLNRw91rUTlzpK9hRmqVEVNBw78GVjjdyH+FE9soQA1/8zPHi2/F1dipSkOkCAwEA\nAQKCAgBcFeIUyjIKeuGkqXA7f/255OLNkFWYWVOdUWBonNGZPBHzncPOzBNzjP9e\nfWfj7F8OTaEwVBuKWCWGJ1giWKIeqBRDUB5Dh5fo/7CG8dVm/a8qIUnKsgu1V5ks\nrMTbqB1oE9WzLZmYrW9sB7G2IJ6ot0WWRYX6RegTFabgufwcZgcm7z5BzfbDlmAA\nwNYnkY06ouywMTzZ8BpCNOYZUVTujGHm+Fx0NrBdyv2vAT4/qvdWSmuZZ3JEMrTX\nHb9okJsTSbsAuNCFQAHR7ZNGChNDPDrUKaeQBYesnGPsqKtGBDhE+1UAf3ISpTXK\n+icgoqZcyCzmt75+jIeuL9oXDPNxZQTzM54DR8l57UtGTGeHF1JDT/wqVMJ752LR\ncgAiPL9NnBeVzP+mgul9lM5zWHecaoeWfdzedwJUc3w3a/LNFJJInOEZ1jG4Xryv\ncLv8Woplyjd2FAEeSPmWRDqQhbfD7O+IxkWUFfDiOlc19jpJFjFOsJV4lUjTyhcv\nyAlP153BhlRKiI3vhfiEd8Yl1jmOrJZi9yft2f9uTtNp0KKTi35R9OXTTkNa1UxK\n9jNlrrMIu/0cj4TJ4JK+bxN1x0vpE/poWFyZHanOf2hdCBElDGiqwO+5Zy1d9bds\n3+t1YYrPy5idLHy/rF2oNUbUDJY7lLpZtlUdDFvM4+HfqBmOFQKCAQEA0T91tlvh\nhTNOVlMnbAjuaP883bsECqfsdR4O6t/lO8duxfS+me1GfA3fO/jchUq/yNs2lQuR\npGCvgfmf6aQBCWSb7YkAfWX3/lm8WgqzD/esDLOlzrNuBwew9T6dz/vmq3n209oJ\nEi/A2vlXQUjcoJFMCEyyk9t/5jBkWQr/TbYUhvhvjY7TuUG4okyf9r2aRmd32iRQ\neK09hjm87uMgCNRzUcfSrqKiIdVCRHUPy9Cg5CL/jf/lzgYxi4Cu9p/e5B9RUEsk\nb5ET1SLcW2zL16oJ6fgoSAoP1ruYgl7ZRRd6fdyZi0DwJqjwaAPa8NM2QwSDMCwS\n9f/oFKoE+wZSlwKCAQEAwx3SyU23bVphxLWyuIZ4DLzOuy0kIEGPOvRpeLAD5vK6\n6mub9AeE7Jy7B4ouN+YKZCuZFCqM6NpAbkFh+QHYn8aS41pqVFLfOgw090hD19Q0\nIUEh/s+B5I4MlwSgZ5OFP1aQAVnCz1NcYUnPS202A4D+7+AFgbyUf+IiMYlSz/y2\nmC9zYlQSdOoG8UMvcCc7qmDQ7vMui12cLc1zxGfAEyvnJKzsS4KGzMyKrg9+uEv2\najxD/6OMeDiJ0378s9NMZbDJ9BPgjha75YIWBPH6zK9v1+q292T0f20MJ4MOBF90\nEqWe48iNLb1DZrntsyguD/OjFx+sV5pJVCkb1fgofwKCAQBjQVXl5ZmJJHghTJpj\nja0BUykdCGv3XgY028g5s3C6NXSfI+QRgdKwX6gne3mnJHjqnsk6U92G+nHmFnG7\nUxdGzFmGiDkaQncrSIemsnKTvWj4MXMSJFypqwVOn6AeGyAk8NqbTU6GOO6jMCkq\nh5RX+fP17+O5bSIzH3tKHYRS6W69QzUvEbPuqXUaT3yFfxSiFsxsRlOBmrOXauXq\n7wOwDI6TGVUfj3eW0uD3NgwDIvhenxdX1S2914RC5wyXYehJj21zx+EFpuygakPa\nfjYHG9pOCG+bFGLE+gFyvekT8/ofn7eZrXj87Z/zxvhgyd9wVMCh5hYsaHI+8xMf\nu7ULAoIBAFS3UzkSJE03i/Gjzoht4hvtsnj0nZXfwTegvVaoXdldlKiJtnna9ezi\nFBau+WhN2j8p6tolq27CrGzyuH4sPgkJZ+eM71PTc5a5jBm9568DNOsnY4JGSKia\nwH6lhJvUImugwv/DIGFyWU7ohDfEoEofLRGrm9h7r6Ji5ePKMwmZORKUr62GwUi/\n/+mq+SLh9fcA+FZ3gcMDDveYF+a0AWKRkleLOUGD19F+EcyHb8bHPKNdrUyGj0v3\niGgq37+YQ7h3bQgrxTkMR+Lbe4IEKpfKqG4APBboX3wgNcHGFkTxyOz7uiQ+hIXS\ngjxNCBbcoDtO1oYIu4SBucrv2mUpzTMCggEBALW+CxQpzkV2XcqW2Q+rD4Vv64tX\nz18GvV+kg0RYdgNuSTduAxw3DC4nTLB3yA/r4n3pss4AhheA5GDTKRircJGW9Xnw\nWbRw4/1NPs0bZ3m8s4MpOV8qHf982+nxB9HlaqxXF8gOlphOrqq+VagewNslJvkI\nHQ+HYi2MW0PNAP7fsnkv5AkKfF0tzYJDckanxoaTgu20UmcupDYUV3o7j9RxoeuZ\ndCbvgidP8seWClMhfwCYM/Ca6UKf0o+APr76hBzlcOwtlbvlRizlhTNT2dyNIu7L\nUTQof8MgaF4sZkIM3VeZ/+trH3tV/XePj6nBwsG5pLTADbnMZn7zdqTk7Y0=\n-----END RSA PRIVATE KEY-----\n",
            "private_key_pem_pkcs8": "-----BEGIN PRIVATE KEY-----\nMIIJQgIBADANBgkqhkiG9w0BAQEFAASCCSwwggkoAgEAAoICAQCfe7ck1o44tjMn\nq9/pmGgkVT7fH09oPKR+ADbyS5vV5644g55sXQXBLo6lfotwT1ygT8VtU6no5tN0\nGkOmPsUsFv6DqnjdH+vDPwqNGKzCqvFdoD7clVYtVdiyQuQAfmFTIbx9nEzr703l\npokyLenjEl6S3YiDN060p5l7xjRInjhjI6Bm6bZyPndz/oEYZmApPcuJfNSw0gTD\nxxf4a097oOKS8NlT2SUYuObJSHFj2uSoMYie+XuhdPTGgclCLv0AmBGo/ERsU78K\nZNl00qzwiceKbMuWlE20mJkriane6j0LFdurhRTDSp2kjGCm+dSF95T+st1+Mn8i\nsf4xa3DRPuVU80z2KcFkWswnBsyROmgWWwXDaevgMKDeZj0BYZKDxQSmwteq0y8G\n5oZurFoR5Oj/T5wEqtp54qMWq0NZkLOcMHGzMCIqE4BgEqCn8joAQ5YHoNsmYV2E\nU7fpwY0JrbHN31GQw4dgnGzTcVkN3HYt8jqtPPhSOZB1OxbqFMCOAYQ1o9Q0rP2b\nMgaoXN7f+yPlGs6rXGB44dVBFfww8lV7du9U9glSa6OpqeV3d8UniFJD1bytIjYX\nxmj51CXtWkabZ3mjBsf7Fp9SNuarE+enMH4s1HD3WtROXOkr2FGapURU0HDvwZWO\nN3If4UT2yhADX/zM8eLb8XV2KlKQ6QIDAQABAoICAFwV4hTKMgp64aSpcDt//bnk\n4s2QVZhZU51RYGic0Zk8EfOdw87ME3OM/159Z+PsXw5NoTBUG4pYJYYnWCJYoh6o\nFENQHkOHl+j/sIbx1Wb9ryohScqyC7VXmSysxNuoHWgT1bMtmZitb2wHsbYgnqi3\nRZZFhfpF6BMVpuC5/BxmBybvPkHN9sOWYADA1ieRjTqi7LAxPNnwGkI05hlRVO6M\nYeb4XHQ2sF3K/a8BPj+q91ZKa5lnckQytNcdv2iQmxNJuwC40IVAAdHtk0YKE0M8\nOtQpp5AFh6ycY+yoq0YEOET7VQB/chKlNcr6JyCiplzILOa3vn6Mh64v2hcM83Fl\nBPMzngNHyXntS0ZMZ4cXUkNP/CpUwnvnYtFyACI8v02cF5XM/6aC6X2UznNYd5xq\nh5Z93N53AlRzfDdr8s0Ukkic4RnWMbhevK9wu/xaimXKN3YUAR5I+ZZEOpCFt8Ps\n74jGRZQV8OI6VzX2OkkWMU6wlXiVSNPKFy/ICU/XncGGVEqIje+F+IR3xiXWOY6s\nlmL3J+3Z/25O02nQopOLflH05dNOQ1rVTEr2M2Wuswi7/RyPhMngkr5vE3XHS+kT\n+mhYXJkdqc5/aF0IESUMaKrA77lnLV31t2zf63Vhis/LmJ0sfL+sXag1RtQMljuU\nulm2VR0MW8zj4d+oGY4VAoIBAQDRP3W2W+GFM05WUydsCO5o/zzduwQKp+x1Hg7q\n3+U7x27F9L6Z7UZ8Dd87+NyFSr/I2zaVC5GkYK+B+Z/ppAEJZJvtiQB9Zff+Wbxa\nCrMP96wMs6XOs24HB7D1Pp3P++arefbT2gkSL8Da+VdBSNygkUwITLKT23/mMGRZ\nCv9NthSG+G+NjtO5QbiiTJ/2vZpGZ3faJFB4rT2GObzu4yAI1HNRx9KuoqIh1UJE\ndQ/L0KDkIv+N/+XOBjGLgK72n97kH1FQSyRvkRPVItxbbMvXqgnp+ChICg/Wu5iC\nXtlFF3p93JmLQPAmqPBoA9rw0zZDBIMwLBL1/+gUqgT7BlKXAoIBAQDDHdLJTbdt\nWmHEtbK4hngMvM67LSQgQY869Gl4sAPm8rrqa5v0B4TsnLsHii435gpkK5kUKozo\n2kBuQWH5AdifxpLjWmpUUt86DDT3SEPX1DQhQSH+z4HkjgyXBKBnk4U/VpABWcLP\nU1xhSc9LbTYDgP7v4AWBvJR/4iIxiVLP/LaYL3NiVBJ06gbxQy9wJzuqYNDu8y6L\nXZwtzXPEZ8ATK+ckrOxLgobMzIquD364S/ZqPEP/o4x4OInTfvyz00xlsMn0E+CO\nFrvlghYE8frMr2/X6rb3ZPR/bQwngw4EX3QSpZ7jyI0tvUNmue2zKC4P86MXH6xX\nmklUKRvV+Ch/AoIBAGNBVeXlmYkkeCFMmmONrQFTKR0Ia/deBjTbyDmzcLo1dJ8j\n5BGB0rBfqCd7eackeOqeyTpT3Yb6ceYWcbtTF0bMWYaIORpCdytIh6aycpO9aPgx\ncxIkXKmrBU6foB4bICTw2ptNToY47qMwKSqHlFf58/Xv47ltIjMfe0odhFLpbr1D\nNS8Rs+6pdRpPfIV/FKIWzGxGU4Gas5dq5ervA7AMjpMZVR+Pd5bS4Pc2DAMi+F6f\nF1fVLb3XhELnDJdh6EmPbXPH4QWm7KBqQ9p+Ngcb2k4Ib5sUYsT6AXK96RPz+h+f\nt5mtePztn/PG+GDJ33BUwKHmFixocj7zEx+7tQsCggEAVLdTORIkTTeL8aPOiG3i\nG+2yePSdld/BN6C9Vqhd2V2UqIm2edr17OIUFq75aE3aPynq2iWrbsKsbPK4fiw+\nCQln54zvU9NzlrmMGb3nrwM06ydjgkZIqJrAfqWEm9Qia6DC/8MgYXJZTuiEN8Sg\nSh8tEaub2HuvomLl48ozCZk5EpSvrYbBSL//6ar5IuH19wD4VneBwwMO95gX5rQB\nYpGSV4s5QYPX0X4RzIdvxsc8o12tTIaPS/eIaCrfv5hDuHdtCCvFOQxH4tt7ggQq\nl8qobgA8FuhffCA1wcYWRPHI7Pu6JD6EhdKCPE0IFtygO07Whgi7hIG5yu/aZSnN\nMwKCAQEAtb4LFCnORXZdypbZD6sPhW/ri1fPXwa9X6SDRFh2A25JN24DHDcMLidM\nsHfID+vifemyzgCGF4DkYNMpGKtwkZb1efBZtHDj/U0+zRtnebyzgyk5Xyod/3zb\n6fEH0eVqrFcXyA6WmE6uqr5VqB7A2yUm+QgdD4diLYxbQ80A/t+yeS/kCQp8XS3N\ngkNyRqfGhpOC7bRSZy6kNhRXejuP1HGh65l0Ju+CJ0/yx5YKUyF/AJgz8JrpQp/S\nj4A+vvqEHOVw7C2Vu+VGLOWFM1PZ3I0i7stRNCh/wyBoXixmQgzdV5n/62sfe1X9\nd4+PqcHCwbmktMANucxmfvN2pOTtjQ==\n-----END PRIVATE KEY-----\n",
            "public_key_fingerprint_md5": "89:26:39:47:b5:0a:f6:0d:39:dc:c9:38:06:a3:7c:c4",
            "public_key_fingerprint_sha256": "SHA256:dWilpOzUzFx8zq8436cJjS7YnRVHVAdfGmm3Duy/FaE",
            "public_key_openssh": "ssh-rsa AAAAB3NzaC1yc2EAAAADAQABAAACAQCfe7ck1o44tjMnq9/pmGgkVT7fH09oPKR+ADbyS5vV5644g55sXQXBLo6lfotwT1ygT8VtU6no5tN0GkOmPsUsFv6DqnjdH+vDPwqNGKzCqvFdoD7clVYtVdiyQuQAfmFTIbx9nEzr703lpokyLenjEl6S3YiDN060p5l7xjRInjhjI6Bm6bZyPndz/oEYZmApPcuJfNSw0gTDxxf4a097oOKS8NlT2SUYuObJSHFj2uSoMYie+XuhdPTGgclCLv0AmBGo/ERsU78KZNl00qzwiceKbMuWlE20mJkriane6j0LFdurhRTDSp2kjGCm+dSF95T+st1+Mn8isf4xa3DRPuVU80z2KcFkWswnBsyROmgWWwXDaevgMKDeZj0BYZKDxQSmwteq0y8G5oZurFoR5Oj/T5wEqtp54qMWq0NZkLOcMHGzMCIqE4BgEqCn8joAQ5YHoNsmYV2EU7fpwY0JrbHN31GQw4dgnGzTcVkN3HYt8jqtPPhSOZB1OxbqFMCOAYQ1o9Q0rP2bMgaoXN7f+yPlGs6rXGB44dVBFfww8lV7du9U9glSa6OpqeV3d8UniFJD1bytIjYXxmj51CXtWkabZ3mjBsf7Fp9SNuarE+enMH4s1HD3WtROXOkr2FGapURU0HDvwZWON3If4UT2yhADX/zM8eLb8XV2KlKQ6Q==\n",
            "public_key_pem": "-----BEGIN PUBLIC KEY-----\nMIICIjANBgkqhkiG9w0BAQEFAAOCAg8AMIICCgKCAgEAn3u3JNaOOLYzJ6vf6Zho\nJFU+3x9PaDykfgA28kub1eeuOIOebF0FwS6OpX6LcE9coE/FbVOp6ObTdBpDpj7F\nLBb+g6p43R/rwz8KjRiswqrxXaA+3JVWLVXYskLkAH5hUyG8fZxM6+9N5aaJMi3p\n4xJekt2IgzdOtKeZe8Y0SJ44YyOgZum2cj53c/6BGGZgKT3LiXzUsNIEw8cX+GtP\ne6DikvDZU9klGLjmyUhxY9rkqDGInvl7oXT0xoHJQi79AJgRqPxEbFO/CmTZdNKs\n8InHimzLlpRNtJiZK4mp3uo9CxXbq4UUw0qdpIxgpvnUhfeU/rLdfjJ/IrH+MWtw\n0T7lVPNM9inBZFrMJwbMkTpoFlsFw2nr4DCg3mY9AWGSg8UEpsLXqtMvBuaGbqxa\nEeTo/0+cBKraeeKjFqtDWZCznDBxszAiKhOAYBKgp/I6AEOWB6DbJmFdhFO36cGN\nCa2xzd9RkMOHYJxs03FZDdx2LfI6rTz4UjmQdTsW6hTAjgGENaPUNKz9mzIGqFze\n3/sj5RrOq1xgeOHVQRX8MPJVe3bvVPYJUmujqanld3fFJ4hSQ9W8rSI2F8Zo+dQl\n7VpGm2d5owbH+xafUjbmqxPnpzB+LNRw91rUTlzpK9hRmqVEVNBw78GVjjdyH+FE\n9soQA1/8zPHi2/F1dipSkOkCAwEAAQ==\n-----END PUBLIC KEY-----\n",
            "rsa_bits": 4096
          },
          "sensitive_attributes": []
        }
      ]
    }
  ]
}
